// !$*UTF8*$!
{
	archiveVersion = 1;
	classes = {
	};
	objectVersion = 56;
	objects = {

/* Begin PBXBuildFile section */
		73BF07F2DDEF521803EBF3CB /* Pods_AccountBook.framework in Frameworks */ = {isa = PBXBuildFile; fileRef = 4F2428EC570C675EE2035FCB /* Pods_AccountBook.framework */; };
		C7063B702C4E620D00CFF3CE /* DetailTableViewCell.swift in Sources */ = {isa = PBXBuildFile; fileRef = C7063B6F2C4E620D00CFF3CE /* DetailTableViewCell.swift */; };
		C763DFB42C3FF6FF00D6201E /* DetailViewController.swift in Sources */ = {isa = PBXBuildFile; fileRef = C763DFB32C3FF6FF00D6201E /* DetailViewController.swift */; };
		C78843312C4F65E2008B8C8D /* ModifyService.swift in Sources */ = {isa = PBXBuildFile; fileRef = C78843302C4F65E2008B8C8D /* ModifyService.swift */; };
		C78843332C4F65EC008B8C8D /* DeleteService.swift in Sources */ = {isa = PBXBuildFile; fileRef = C78843322C4F65EC008B8C8D /* DeleteService.swift */; };
		C78843352C4F672E008B8C8D /* ModifyModel.swift in Sources */ = {isa = PBXBuildFile; fileRef = C78843342C4F672E008B8C8D /* ModifyModel.swift */; };
		C78843372C4F673A008B8C8D /* DeleteModel.swift in Sources */ = {isa = PBXBuildFile; fileRef = C78843362C4F673A008B8C8D /* DeleteModel.swift */; };
		C7934F902C3D12A3003B3245 /* CalendarCollectionViewCell.swift in Sources */ = {isa = PBXBuildFile; fileRef = C7934F8F2C3D12A3003B3245 /* CalendarCollectionViewCell.swift */; };
		C7A027B42C3F960A003C28BA /* AddViewController.swift in Sources */ = {isa = PBXBuildFile; fileRef = C7A027B32C3F960A003C28BA /* AddViewController.swift */; };
		C7A48BA02C3BDA420013304A /* AppDelegate.swift in Sources */ = {isa = PBXBuildFile; fileRef = C7A48B9F2C3BDA420013304A /* AppDelegate.swift */; };
		C7A48BA22C3BDA420013304A /* SceneDelegate.swift in Sources */ = {isa = PBXBuildFile; fileRef = C7A48BA12C3BDA420013304A /* SceneDelegate.swift */; };
		C7A48BA42C3BDA420013304A /* ViewController.swift in Sources */ = {isa = PBXBuildFile; fileRef = C7A48BA32C3BDA420013304A /* ViewController.swift */; };
		C7A48BA72C3BDA420013304A /* Main.storyboard in Resources */ = {isa = PBXBuildFile; fileRef = C7A48BA52C3BDA420013304A /* Main.storyboard */; };
		C7A48BA92C3BDA440013304A /* Assets.xcassets in Resources */ = {isa = PBXBuildFile; fileRef = C7A48BA82C3BDA440013304A /* Assets.xcassets */; };
		C7A48BAC2C3BDA440013304A /* LaunchScreen.storyboard in Resources */ = {isa = PBXBuildFile; fileRef = C7A48BAA2C3BDA440013304A /* LaunchScreen.storyboard */; };
		C7CD8D942C4EAFC500A34028 /* APIConstants.swift in Sources */ = {isa = PBXBuildFile; fileRef = C7CD8D932C4EAFC500A34028 /* APIConstants.swift */; };
		C7CD8D962C4EB1BD00A34028 /* NetworkResult.swift in Sources */ = {isa = PBXBuildFile; fileRef = C7CD8D952C4EB1BD00A34028 /* NetworkResult.swift */; };
		C7CD8D982C4EB22100A34028 /* ViewAllService.swift in Sources */ = {isa = PBXBuildFile; fileRef = C7CD8D972C4EB22100A34028 /* ViewAllService.swift */; };
		C7CD8D9B2C4EB30400A34028 /* ViewAllModel.swift in Sources */ = {isa = PBXBuildFile; fileRef = C7CD8D9A2C4EB30400A34028 /* ViewAllModel.swift */; };
		C7CD8D9D2C4EB9A000A34028 /* ViewDetailService.swift in Sources */ = {isa = PBXBuildFile; fileRef = C7CD8D9C2C4EB9A000A34028 /* ViewDetailService.swift */; };
		C7CD8D9F2C4EBA0B00A34028 /* ViewDetailModel.swift in Sources */ = {isa = PBXBuildFile; fileRef = C7CD8D9E2C4EBA0B00A34028 /* ViewDetailModel.swift */; };
		C7CD8DA12C4EBB1600A34028 /* EnrollService.swift in Sources */ = {isa = PBXBuildFile; fileRef = C7CD8DA02C4EBB1600A34028 /* EnrollService.swift */; };
		C7CD8DA32C4EBB2F00A34028 /* EnrollModel.swift in Sources */ = {isa = PBXBuildFile; fileRef = C7CD8DA22C4EBB2F00A34028 /* EnrollModel.swift */; };
		C7DADE572C3C4BD4003137D8 /* SF-Pro.ttf in Resources */ = {isa = PBXBuildFile; fileRef = C7DADE552C3C4BD4003137D8 /* SF-Pro.ttf */; };
		C7E819C32C42580600F4C39B /* AddCalendarCollectionViewCell.swift in Sources */ = {isa = PBXBuildFile; fileRef = C7E819C22C42580600F4C39B /* AddCalendarCollectionViewCell.swift */; };
/* End PBXBuildFile section */

/* Begin PBXFileReference section */
		4F2428EC570C675EE2035FCB /* Pods_AccountBook.framework */ = {isa = PBXFileReference; explicitFileType = wrapper.framework; includeInIndex = 0; path = Pods_AccountBook.framework; sourceTree = BUILT_PRODUCTS_DIR; };
		674BE95C3081945BCBE85B1F /* Pods-AccountBook.release.xcconfig */ = {isa = PBXFileReference; includeInIndex = 1; lastKnownFileType = text.xcconfig; name = "Pods-AccountBook.release.xcconfig"; path = "Target Support Files/Pods-AccountBook/Pods-AccountBook.release.xcconfig"; sourceTree = "<group>"; };
		C7063B6F2C4E620D00CFF3CE /* DetailTableViewCell.swift */ = {isa = PBXFileReference; lastKnownFileType = sourcecode.swift; path = DetailTableViewCell.swift; sourceTree = "<group>"; };
		C763DFB32C3FF6FF00D6201E /* DetailViewController.swift */ = {isa = PBXFileReference; lastKnownFileType = sourcecode.swift; path = DetailViewController.swift; sourceTree = "<group>"; };
		C78843302C4F65E2008B8C8D /* ModifyService.swift */ = {isa = PBXFileReference; lastKnownFileType = sourcecode.swift; path = ModifyService.swift; sourceTree = "<group>"; };
		C78843322C4F65EC008B8C8D /* DeleteService.swift */ = {isa = PBXFileReference; lastKnownFileType = sourcecode.swift; path = DeleteService.swift; sourceTree = "<group>"; };
		C78843342C4F672E008B8C8D /* ModifyModel.swift */ = {isa = PBXFileReference; lastKnownFileType = sourcecode.swift; path = ModifyModel.swift; sourceTree = "<group>"; };
		C78843362C4F673A008B8C8D /* DeleteModel.swift */ = {isa = PBXFileReference; lastKnownFileType = sourcecode.swift; path = DeleteModel.swift; sourceTree = "<group>"; };
		C7934F8F2C3D12A3003B3245 /* CalendarCollectionViewCell.swift */ = {isa = PBXFileReference; lastKnownFileType = sourcecode.swift; path = CalendarCollectionViewCell.swift; sourceTree = "<group>"; };
		C7A027B32C3F960A003C28BA /* AddViewController.swift */ = {isa = PBXFileReference; lastKnownFileType = sourcecode.swift; path = AddViewController.swift; sourceTree = "<group>"; };
		C7A48B9C2C3BDA420013304A /* AccountBook.app */ = {isa = PBXFileReference; explicitFileType = wrapper.application; includeInIndex = 0; path = AccountBook.app; sourceTree = BUILT_PRODUCTS_DIR; };
		C7A48B9F2C3BDA420013304A /* AppDelegate.swift */ = {isa = PBXFileReference; lastKnownFileType = sourcecode.swift; path = AppDelegate.swift; sourceTree = "<group>"; };
		C7A48BA12C3BDA420013304A /* SceneDelegate.swift */ = {isa = PBXFileReference; lastKnownFileType = sourcecode.swift; path = SceneDelegate.swift; sourceTree = "<group>"; };
		C7A48BA32C3BDA420013304A /* ViewController.swift */ = {isa = PBXFileReference; lastKnownFileType = sourcecode.swift; path = ViewController.swift; sourceTree = "<group>"; };
		C7A48BA62C3BDA420013304A /* Base */ = {isa = PBXFileReference; lastKnownFileType = file.storyboard; name = Base; path = Base.lproj/Main.storyboard; sourceTree = "<group>"; };
		C7A48BA82C3BDA440013304A /* Assets.xcassets */ = {isa = PBXFileReference; lastKnownFileType = folder.assetcatalog; path = Assets.xcassets; sourceTree = "<group>"; };
		C7A48BAB2C3BDA440013304A /* Base */ = {isa = PBXFileReference; lastKnownFileType = file.storyboard; name = Base; path = Base.lproj/LaunchScreen.storyboard; sourceTree = "<group>"; };
		C7A48BAD2C3BDA440013304A /* Info.plist */ = {isa = PBXFileReference; lastKnownFileType = text.plist.xml; path = Info.plist; sourceTree = "<group>"; };
		C7CD8D932C4EAFC500A34028 /* APIConstants.swift */ = {isa = PBXFileReference; lastKnownFileType = sourcecode.swift; path = APIConstants.swift; sourceTree = "<group>"; };
		C7CD8D952C4EB1BD00A34028 /* NetworkResult.swift */ = {isa = PBXFileReference; lastKnownFileType = sourcecode.swift; path = NetworkResult.swift; sourceTree = "<group>"; };
		C7CD8D972C4EB22100A34028 /* ViewAllService.swift */ = {isa = PBXFileReference; lastKnownFileType = sourcecode.swift; path = ViewAllService.swift; sourceTree = "<group>"; };
		C7CD8D9A2C4EB30400A34028 /* ViewAllModel.swift */ = {isa = PBXFileReference; lastKnownFileType = sourcecode.swift; path = ViewAllModel.swift; sourceTree = "<group>"; };
		C7CD8D9C2C4EB9A000A34028 /* ViewDetailService.swift */ = {isa = PBXFileReference; lastKnownFileType = sourcecode.swift; path = ViewDetailService.swift; sourceTree = "<group>"; };
		C7CD8D9E2C4EBA0B00A34028 /* ViewDetailModel.swift */ = {isa = PBXFileReference; lastKnownFileType = sourcecode.swift; path = ViewDetailModel.swift; sourceTree = "<group>"; };
		C7CD8DA02C4EBB1600A34028 /* EnrollService.swift */ = {isa = PBXFileReference; lastKnownFileType = sourcecode.swift; path = EnrollService.swift; sourceTree = "<group>"; };
		C7CD8DA22C4EBB2F00A34028 /* EnrollModel.swift */ = {isa = PBXFileReference; lastKnownFileType = sourcecode.swift; path = EnrollModel.swift; sourceTree = "<group>"; };
		C7DADE552C3C4BD4003137D8 /* SF-Pro.ttf */ = {isa = PBXFileReference; lastKnownFileType = file; name = "SF-Pro.ttf"; path = "../../../../../../../Library/Fonts/SF-Pro.ttf"; sourceTree = "<group>"; };
		C7E819C22C42580600F4C39B /* AddCalendarCollectionViewCell.swift */ = {isa = PBXFileReference; lastKnownFileType = sourcecode.swift; path = AddCalendarCollectionViewCell.swift; sourceTree = "<group>"; };
		F0353418966A443E58CAF4E1 /* Pods-AccountBook.debug.xcconfig */ = {isa = PBXFileReference; includeInIndex = 1; lastKnownFileType = text.xcconfig; name = "Pods-AccountBook.debug.xcconfig"; path = "Target Support Files/Pods-AccountBook/Pods-AccountBook.debug.xcconfig"; sourceTree = "<group>"; };
/* End PBXFileReference section */

/* Begin PBXFrameworksBuildPhase section */
		C7A48B992C3BDA420013304A /* Frameworks */ = {
			isa = PBXFrameworksBuildPhase;
			buildActionMask = 2147483647;
			files = (
				73BF07F2DDEF521803EBF3CB /* Pods_AccountBook.framework in Frameworks */,
			);
			runOnlyForDeploymentPostprocessing = 0;
		};
/* End PBXFrameworksBuildPhase section */

/* Begin PBXGroup section */
		37DB7B9FBC5BCB70A005B9D2 /* Frameworks */ = {
			isa = PBXGroup;
			children = (
				4F2428EC570C675EE2035FCB /* Pods_AccountBook.framework */,
			);
			name = Frameworks;
			sourceTree = "<group>";
		};
		C767893918ADA5500C28B36F /* Pods */ = {
			isa = PBXGroup;
			children = (
				F0353418966A443E58CAF4E1 /* Pods-AccountBook.debug.xcconfig */,
				674BE95C3081945BCBE85B1F /* Pods-AccountBook.release.xcconfig */,
			);
			path = Pods;
			sourceTree = "<group>";
		};
		C7A48B932C3BDA420013304A = {
			isa = PBXGroup;
			children = (
				C7A48B9E2C3BDA420013304A /* AccountBook */,
				C7A48B9D2C3BDA420013304A /* Products */,
				C767893918ADA5500C28B36F /* Pods */,
				37DB7B9FBC5BCB70A005B9D2 /* Frameworks */,
			);
			sourceTree = "<group>";
		};
		C7A48B9D2C3BDA420013304A /* Products */ = {
			isa = PBXGroup;
			children = (
				C7A48B9C2C3BDA420013304A /* AccountBook.app */,
			);
			name = Products;
			sourceTree = "<group>";
		};
		C7A48B9E2C3BDA420013304A /* AccountBook */ = {
			isa = PBXGroup;
			children = (
				C7CD8D992C4EB2F500A34028 /* Model */,
				C7CD8D922C4EAFB000A34028 /* Network */,
				C7DADE542C3C4BC8003137D8 /* Font */,
				C7A48B9F2C3BDA420013304A /* AppDelegate.swift */,
				C7A48BA12C3BDA420013304A /* SceneDelegate.swift */,
				C7A48BA52C3BDA420013304A /* Main.storyboard */,
				C7A48BA82C3BDA440013304A /* Assets.xcassets */,
				C7A48BAA2C3BDA440013304A /* LaunchScreen.storyboard */,
				C7A48BAD2C3BDA440013304A /* Info.plist */,
				C7A48BA32C3BDA420013304A /* ViewController.swift */,
				C7934F8F2C3D12A3003B3245 /* CalendarCollectionViewCell.swift */,
				C7A027B32C3F960A003C28BA /* AddViewController.swift */,
				C7E819C22C42580600F4C39B /* AddCalendarCollectionViewCell.swift */,
				C763DFB32C3FF6FF00D6201E /* DetailViewController.swift */,
				C7063B6F2C4E620D00CFF3CE /* DetailTableViewCell.swift */,
			);
			path = AccountBook;
			sourceTree = "<group>";
		};
		C7CD8D922C4EAFB000A34028 /* Network */ = {
			isa = PBXGroup;
			children = (
				C7CD8D932C4EAFC500A34028 /* APIConstants.swift */,
				C7CD8D952C4EB1BD00A34028 /* NetworkResult.swift */,
				C7CD8D972C4EB22100A34028 /* ViewAllService.swift */,
				C7CD8D9C2C4EB9A000A34028 /* ViewDetailService.swift */,
				C7CD8DA02C4EBB1600A34028 /* EnrollService.swift */,
				C78843302C4F65E2008B8C8D /* ModifyService.swift */,
				C78843322C4F65EC008B8C8D /* DeleteService.swift */,
			);
			path = Network;
			sourceTree = "<group>";
		};
		C7CD8D992C4EB2F500A34028 /* Model */ = {
			isa = PBXGroup;
			children = (
				C7CD8D9A2C4EB30400A34028 /* ViewAllModel.swift */,
				C7CD8D9E2C4EBA0B00A34028 /* ViewDetailModel.swift */,
				C7CD8DA22C4EBB2F00A34028 /* EnrollModel.swift */,
				C78843342C4F672E008B8C8D /* ModifyModel.swift */,
				C78843362C4F673A008B8C8D /* DeleteModel.swift */,
			);
			path = Model;
			sourceTree = "<group>";
		};
		C7DADE542C3C4BC8003137D8 /* Font */ = {
			isa = PBXGroup;
			children = (
				C7DADE552C3C4BD4003137D8 /* SF-Pro.ttf */,
			);
			path = Font;
			sourceTree = "<group>";
		};
/* End PBXGroup section */

/* Begin PBXNativeTarget section */
		C7A48B9B2C3BDA420013304A /* AccountBook */ = {
			isa = PBXNativeTarget;
			buildConfigurationList = C7A48BB02C3BDA440013304A /* Build configuration list for PBXNativeTarget "AccountBook" */;
			buildPhases = (
				2C1EC9CDF204D5539C1FCA06 /* [CP] Check Pods Manifest.lock */,
				C7A48B982C3BDA420013304A /* Sources */,
				C7A48B992C3BDA420013304A /* Frameworks */,
				C7A48B9A2C3BDA420013304A /* Resources */,
				8166F78E6508500F17639A31 /* [CP] Embed Pods Frameworks */,
			);
			buildRules = (
			);
			dependencies = (
			);
			name = AccountBook;
			productName = AccountBook;
			productReference = C7A48B9C2C3BDA420013304A /* AccountBook.app */;
			productType = "com.apple.product-type.application";
		};
/* End PBXNativeTarget section */

/* Begin PBXProject section */
		C7A48B942C3BDA420013304A /* Project object */ = {
			isa = PBXProject;
			attributes = {
				BuildIndependentTargetsInParallel = 1;
				LastSwiftUpdateCheck = 1500;
				LastUpgradeCheck = 1500;
				TargetAttributes = {
					C7A48B9B2C3BDA420013304A = {
						CreatedOnToolsVersion = 15.0.1;
					};
				};
			};
			buildConfigurationList = C7A48B972C3BDA420013304A /* Build configuration list for PBXProject "AccountBook" */;
			compatibilityVersion = "Xcode 14.0";
			developmentRegion = en;
			hasScannedForEncodings = 0;
			knownRegions = (
				en,
				Base,
			);
			mainGroup = C7A48B932C3BDA420013304A;
			productRefGroup = C7A48B9D2C3BDA420013304A /* Products */;
			projectDirPath = "";
			projectRoot = "";
			targets = (
				C7A48B9B2C3BDA420013304A /* AccountBook */,
			);
		};
/* End PBXProject section */

/* Begin PBXResourcesBuildPhase section */
		C7A48B9A2C3BDA420013304A /* Resources */ = {
			isa = PBXResourcesBuildPhase;
			buildActionMask = 2147483647;
			files = (
				C7A48BAC2C3BDA440013304A /* LaunchScreen.storyboard in Resources */,
				C7DADE572C3C4BD4003137D8 /* SF-Pro.ttf in Resources */,
				C7A48BA92C3BDA440013304A /* Assets.xcassets in Resources */,
				C7A48BA72C3BDA420013304A /* Main.storyboard in Resources */,
			);
			runOnlyForDeploymentPostprocessing = 0;
		};
/* End PBXResourcesBuildPhase section */

/* Begin PBXShellScriptBuildPhase section */
		2C1EC9CDF204D5539C1FCA06 /* [CP] Check Pods Manifest.lock */ = {
			isa = PBXShellScriptBuildPhase;
			buildActionMask = 2147483647;
			files = (
			);
			inputFileListPaths = (
			);
			inputPaths = (
				"${PODS_PODFILE_DIR_PATH}/Podfile.lock",
				"${PODS_ROOT}/Manifest.lock",
			);
			name = "[CP] Check Pods Manifest.lock";
			outputFileListPaths = (
			);
			outputPaths = (
				"$(DERIVED_FILE_DIR)/Pods-AccountBook-checkManifestLockResult.txt",
			);
			runOnlyForDeploymentPostprocessing = 0;
			shellPath = /bin/sh;
			shellScript = "diff \"${PODS_PODFILE_DIR_PATH}/Podfile.lock\" \"${PODS_ROOT}/Manifest.lock\" > /dev/null\nif [ $? != 0 ] ; then\n    # print error to STDERR\n    echo \"error: The sandbox is not in sync with the Podfile.lock. Run 'pod install' or update your CocoaPods installation.\" >&2\n    exit 1\nfi\n# This output is used by Xcode 'outputs' to avoid re-running this script phase.\necho \"SUCCESS\" > \"${SCRIPT_OUTPUT_FILE_0}\"\n";
			showEnvVarsInLog = 0;
		};
		8166F78E6508500F17639A31 /* [CP] Embed Pods Frameworks */ = {
			isa = PBXShellScriptBuildPhase;
			buildActionMask = 2147483647;
			files = (
			);
			inputFileListPaths = (
				"${PODS_ROOT}/Target Support Files/Pods-AccountBook/Pods-AccountBook-frameworks-${CONFIGURATION}-input-files.xcfilelist",
			);
			name = "[CP] Embed Pods Frameworks";
			outputFileListPaths = (
				"${PODS_ROOT}/Target Support Files/Pods-AccountBook/Pods-AccountBook-frameworks-${CONFIGURATION}-output-files.xcfilelist",
			);
			runOnlyForDeploymentPostprocessing = 0;
			shellPath = /bin/sh;
			shellScript = "\"${PODS_ROOT}/Target Support Files/Pods-AccountBook/Pods-AccountBook-frameworks.sh\"\n";
			showEnvVarsInLog = 0;
		};
/* End PBXShellScriptBuildPhase section */

/* Begin PBXSourcesBuildPhase section */
		C7A48B982C3BDA420013304A /* Sources */ = {
			isa = PBXSourcesBuildPhase;
			buildActionMask = 2147483647;
			files = (
				C7A027B42C3F960A003C28BA /* AddViewController.swift in Sources */,
				C7CD8D962C4EB1BD00A34028 /* NetworkResult.swift in Sources */,
				C7E819C32C42580600F4C39B /* AddCalendarCollectionViewCell.swift in Sources */,
				C7063B702C4E620D00CFF3CE /* DetailTableViewCell.swift in Sources */,
				C7934F902C3D12A3003B3245 /* CalendarCollectionViewCell.swift in Sources */,
				C7A48BA42C3BDA420013304A /* ViewController.swift in Sources */,
				C7CD8D982C4EB22100A34028 /* ViewAllService.swift in Sources */,
				C78843352C4F672E008B8C8D /* ModifyModel.swift in Sources */,
				C7CD8D942C4EAFC500A34028 /* APIConstants.swift in Sources */,
				C763DFB42C3FF6FF00D6201E /* DetailViewController.swift in Sources */,
				C7CD8DA32C4EBB2F00A34028 /* EnrollModel.swift in Sources */,
				C7A48BA02C3BDA420013304A /* AppDelegate.swift in Sources */,
				C7CD8D9B2C4EB30400A34028 /* ViewAllModel.swift in Sources */,
				C7CD8D9D2C4EB9A000A34028 /* ViewDetailService.swift in Sources */,
				C7CD8DA12C4EBB1600A34028 /* EnrollService.swift in Sources */,
				C78843332C4F65EC008B8C8D /* DeleteService.swift in Sources */,
				C78843372C4F673A008B8C8D /* DeleteModel.swift in Sources */,
				C78843312C4F65E2008B8C8D /* ModifyService.swift in Sources */,
				C7A48BA22C3BDA420013304A /* SceneDelegate.swift in Sources */,
				C7CD8D9F2C4EBA0B00A34028 /* ViewDetailModel.swift in Sources */,
			);
			runOnlyForDeploymentPostprocessing = 0;
		};
/* End PBXSourcesBuildPhase section */

/* Begin PBXVariantGroup section */
		C7A48BA52C3BDA420013304A /* Main.storyboard */ = {
			isa = PBXVariantGroup;
			children = (
				C7A48BA62C3BDA420013304A /* Base */,
			);
			name = Main.storyboard;
			sourceTree = "<group>";
		};
		C7A48BAA2C3BDA440013304A /* LaunchScreen.storyboard */ = {
			isa = PBXVariantGroup;
			children = (
				C7A48BAB2C3BDA440013304A /* Base */,
			);
			name = LaunchScreen.storyboard;
			sourceTree = "<group>";
		};
/* End PBXVariantGroup section */

/* Begin XCBuildConfiguration section */
		C7A48BAE2C3BDA440013304A /* Debug */ = {
			isa = XCBuildConfiguration;
			buildSettings = {
				ALWAYS_SEARCH_USER_PATHS = NO;
				ASSETCATALOG_COMPILER_GENERATE_SWIFT_ASSET_SYMBOL_EXTENSIONS = YES;
				CLANG_ANALYZER_NONNULL = YES;
				CLANG_ANALYZER_NUMBER_OBJECT_CONVERSION = YES_AGGRESSIVE;
				CLANG_CXX_LANGUAGE_STANDARD = "gnu++20";
				CLANG_ENABLE_MODULES = YES;
				CLANG_ENABLE_OBJC_ARC = YES;
				CLANG_ENABLE_OBJC_WEAK = YES;
				CLANG_WARN_BLOCK_CAPTURE_AUTORELEASING = YES;
				CLANG_WARN_BOOL_CONVERSION = YES;
				CLANG_WARN_COMMA = YES;
				CLANG_WARN_CONSTANT_CONVERSION = YES;
				CLANG_WARN_DEPRECATED_OBJC_IMPLEMENTATIONS = YES;
				CLANG_WARN_DIRECT_OBJC_ISA_USAGE = YES_ERROR;
				CLANG_WARN_DOCUMENTATION_COMMENTS = YES;
				CLANG_WARN_EMPTY_BODY = YES;
				CLANG_WARN_ENUM_CONVERSION = YES;
				CLANG_WARN_INFINITE_RECURSION = YES;
				CLANG_WARN_INT_CONVERSION = YES;
				CLANG_WARN_NON_LITERAL_NULL_CONVERSION = YES;
				CLANG_WARN_OBJC_IMPLICIT_RETAIN_SELF = YES;
				CLANG_WARN_OBJC_LITERAL_CONVERSION = YES;
				CLANG_WARN_OBJC_ROOT_CLASS = YES_ERROR;
				CLANG_WARN_QUOTED_INCLUDE_IN_FRAMEWORK_HEADER = YES;
				CLANG_WARN_RANGE_LOOP_ANALYSIS = YES;
				CLANG_WARN_STRICT_PROTOTYPES = YES;
				CLANG_WARN_SUSPICIOUS_MOVE = YES;
				CLANG_WARN_UNGUARDED_AVAILABILITY = YES_AGGRESSIVE;
				CLANG_WARN_UNREACHABLE_CODE = YES;
				CLANG_WARN__DUPLICATE_METHOD_MATCH = YES;
				COPY_PHASE_STRIP = NO;
				DEBUG_INFORMATION_FORMAT = dwarf;
				ENABLE_STRICT_OBJC_MSGSEND = YES;
				ENABLE_TESTABILITY = YES;
				ENABLE_USER_SCRIPT_SANDBOXING = NO;
				GCC_C_LANGUAGE_STANDARD = gnu17;
				GCC_DYNAMIC_NO_PIC = NO;
				GCC_NO_COMMON_BLOCKS = YES;
				GCC_OPTIMIZATION_LEVEL = 0;
				GCC_PREPROCESSOR_DEFINITIONS = (
					"DEBUG=1",
					"$(inherited)",
				);
				GCC_WARN_64_TO_32_BIT_CONVERSION = YES;
				GCC_WARN_ABOUT_RETURN_TYPE = YES_ERROR;
				GCC_WARN_UNDECLARED_SELECTOR = YES;
				GCC_WARN_UNINITIALIZED_AUTOS = YES_AGGRESSIVE;
				GCC_WARN_UNUSED_FUNCTION = YES;
				GCC_WARN_UNUSED_VARIABLE = YES;
				IPHONEOS_DEPLOYMENT_TARGET = 17.0;
				LOCALIZATION_PREFERS_STRING_CATALOGS = YES;
				MTL_ENABLE_DEBUG_INFO = INCLUDE_SOURCE;
				MTL_FAST_MATH = YES;
				ONLY_ACTIVE_ARCH = YES;
				SDKROOT = iphoneos;
				SWIFT_ACTIVE_COMPILATION_CONDITIONS = "DEBUG $(inherited)";
				SWIFT_OPTIMIZATION_LEVEL = "-Onone";
			};
			name = Debug;
		};
		C7A48BAF2C3BDA440013304A /* Release */ = {
			isa = XCBuildConfiguration;
			buildSettings = {
				ALWAYS_SEARCH_USER_PATHS = NO;
				ASSETCATALOG_COMPILER_GENERATE_SWIFT_ASSET_SYMBOL_EXTENSIONS = YES;
				CLANG_ANALYZER_NONNULL = YES;
				CLANG_ANALYZER_NUMBER_OBJECT_CONVERSION = YES_AGGRESSIVE;
				CLANG_CXX_LANGUAGE_STANDARD = "gnu++20";
				CLANG_ENABLE_MODULES = YES;
				CLANG_ENABLE_OBJC_ARC = YES;
				CLANG_ENABLE_OBJC_WEAK = YES;
				CLANG_WARN_BLOCK_CAPTURE_AUTORELEASING = YES;
				CLANG_WARN_BOOL_CONVERSION = YES;
				CLANG_WARN_COMMA = YES;
				CLANG_WARN_CONSTANT_CONVERSION = YES;
				CLANG_WARN_DEPRECATED_OBJC_IMPLEMENTATIONS = YES;
				CLANG_WARN_DIRECT_OBJC_ISA_USAGE = YES_ERROR;
				CLANG_WARN_DOCUMENTATION_COMMENTS = YES;
				CLANG_WARN_EMPTY_BODY = YES;
				CLANG_WARN_ENUM_CONVERSION = YES;
				CLANG_WARN_INFINITE_RECURSION = YES;
				CLANG_WARN_INT_CONVERSION = YES;
				CLANG_WARN_NON_LITERAL_NULL_CONVERSION = YES;
				CLANG_WARN_OBJC_IMPLICIT_RETAIN_SELF = YES;
				CLANG_WARN_OBJC_LITERAL_CONVERSION = YES;
				CLANG_WARN_OBJC_ROOT_CLASS = YES_ERROR;
				CLANG_WARN_QUOTED_INCLUDE_IN_FRAMEWORK_HEADER = YES;
				CLANG_WARN_RANGE_LOOP_ANALYSIS = YES;
				CLANG_WARN_STRICT_PROTOTYPES = YES;
				CLANG_WARN_SUSPICIOUS_MOVE = YES;
				CLANG_WARN_UNGUARDED_AVAILABILITY = YES_AGGRESSIVE;
				CLANG_WARN_UNREACHABLE_CODE = YES;
				CLANG_WARN__DUPLICATE_METHOD_MATCH = YES;
				COPY_PHASE_STRIP = NO;
				DEBUG_INFORMATION_FORMAT = "dwarf-with-dsym";
				ENABLE_NS_ASSERTIONS = NO;
				ENABLE_STRICT_OBJC_MSGSEND = YES;
				ENABLE_USER_SCRIPT_SANDBOXING = NO;
				GCC_C_LANGUAGE_STANDARD = gnu17;
				GCC_NO_COMMON_BLOCKS = YES;
				GCC_WARN_64_TO_32_BIT_CONVERSION = YES;
				GCC_WARN_ABOUT_RETURN_TYPE = YES_ERROR;
				GCC_WARN_UNDECLARED_SELECTOR = YES;
				GCC_WARN_UNINITIALIZED_AUTOS = YES_AGGRESSIVE;
				GCC_WARN_UNUSED_FUNCTION = YES;
				GCC_WARN_UNUSED_VARIABLE = YES;
				IPHONEOS_DEPLOYMENT_TARGET = 17.0;
				LOCALIZATION_PREFERS_STRING_CATALOGS = YES;
				MTL_ENABLE_DEBUG_INFO = NO;
				MTL_FAST_MATH = YES;
				SDKROOT = iphoneos;
				SWIFT_COMPILATION_MODE = wholemodule;
				VALIDATE_PRODUCT = YES;
			};
			name = Release;
		};
		C7A48BB12C3BDA440013304A /* Debug */ = {
			isa = XCBuildConfiguration;
			baseConfigurationReference = F0353418966A443E58CAF4E1 /* Pods-AccountBook.debug.xcconfig */;
			buildSettings = {
				ASSETCATALOG_COMPILER_APPICON_NAME = AppIcon;
				ASSETCATALOG_COMPILER_GLOBAL_ACCENT_COLOR_NAME = AccentColor;
				CODE_SIGN_STYLE = Automatic;
				CURRENT_PROJECT_VERSION = 1;
				DEVELOPMENT_TEAM = R8ZX684WX2;
				GENERATE_INFOPLIST_FILE = YES;
				INFOPLIST_FILE = AccountBook/Info.plist;
				INFOPLIST_KEY_UIApplicationSupportsIndirectInputEvents = YES;
				INFOPLIST_KEY_UILaunchStoryboardName = LaunchScreen;
				INFOPLIST_KEY_UIMainStoryboardFile = Main;
				INFOPLIST_KEY_UISupportedInterfaceOrientations_iPad = "UIInterfaceOrientationPortrait UIInterfaceOrientationPortraitUpsideDown UIInterfaceOrientationLandscapeLeft UIInterfaceOrientationLandscapeRight";
				INFOPLIST_KEY_UISupportedInterfaceOrientations_iPhone = "UIInterfaceOrientationPortrait UIInterfaceOrientationLandscapeLeft UIInterfaceOrientationLandscapeRight";
				LD_RUNPATH_SEARCH_PATHS = (
					"$(inherited)",
					"@executable_path/Frameworks",
				);
				MARKETING_VERSION = 1.0;
				PRODUCT_BUNDLE_IDENTIFIER = com.JKPARK.AccountBook;
				PRODUCT_NAME = "$(TARGET_NAME)";
				SWIFT_EMIT_LOC_STRINGS = YES;
				SWIFT_VERSION = 5.0;
				TARGETED_DEVICE_FAMILY = "1,2";
			};
			name = Debug;
		};
		C7A48BB22C3BDA440013304A /* Release */ = {
			isa = XCBuildConfiguration;
			baseConfigurationReference = 674BE95C3081945BCBE85B1F /* Pods-AccountBook.release.xcconfig */;
			buildSettings = {
				ASSETCATALOG_COMPILER_APPICON_NAME = AppIcon;
				ASSETCATALOG_COMPILER_GLOBAL_ACCENT_COLOR_NAME = AccentColor;
				CODE_SIGN_STYLE = Automatic;
				CURRENT_PROJECT_VERSION = 1;
				DEVELOPMENT_TEAM = R8ZX684WX2;
				GENERATE_INFOPLIST_FILE = YES;
				INFOPLIST_FILE = AccountBook/Info.plist;
				INFOPLIST_KEY_UIApplicationSupportsIndirectInputEvents = YES;
				INFOPLIST_KEY_UILaunchStoryboardName = LaunchScreen;
				INFOPLIST_KEY_UIMainStoryboardFile = Main;
				INFOPLIST_KEY_UISupportedInterfaceOrientations_iPad = "UIInterfaceOrientationPortrait UIInterfaceOrientationPortraitUpsideDown UIInterfaceOrientationLandscapeLeft UIInterfaceOrientationLandscapeRight";
				INFOPLIST_KEY_UISupportedInterfaceOrientations_iPhone = "UIInterfaceOrientationPortrait UIInterfaceOrientationLandscapeLeft UIInterfaceOrientationLandscapeRight";
				LD_RUNPATH_SEARCH_PATHS = (
					"$(inherited)",
					"@executable_path/Frameworks",
				);
				MARKETING_VERSION = 1.0;
				PRODUCT_BUNDLE_IDENTIFIER = com.JKPARK.AccountBook;
				PRODUCT_NAME = "$(TARGET_NAME)";
				SWIFT_EMIT_LOC_STRINGS = YES;
				SWIFT_VERSION = 5.0;
				TARGETED_DEVICE_FAMILY = "1,2";
			};
			name = Release;
		};
/* End XCBuildConfiguration section */

/* Begin XCConfigurationList section */
		C7A48B972C3BDA420013304A /* Build configuration list for PBXProject "AccountBook" */ = {
			isa = XCConfigurationList;
			buildConfigurations = (
				C7A48BAE2C3BDA440013304A /* Debug */,
				C7A48BAF2C3BDA440013304A /* Release */,
			);
			defaultConfigurationIsVisible = 0;
			defaultConfigurationName = Release;
		};
		C7A48BB02C3BDA440013304A /* Build configuration list for PBXNativeTarget "AccountBook" */ = {
			isa = XCConfigurationList;
			buildConfigurations = (
				C7A48BB12C3BDA440013304A /* Debug */,
				C7A48BB22C3BDA440013304A /* Release */,
			);
			defaultConfigurationIsVisible = 0;
			defaultConfigurationName = Release;
		};
/* End XCConfigurationList section */
	};
	rootObject = C7A48B942C3BDA420013304A /* Project object */;
}
